// !$*UTF8*$!
{
	archiveVersion = 1;
	classes = {
	};
	objectVersion = 46;
	objects = {

/* Begin PBXBuildFile section */
		AE2EF2661DF5EEC30015F87C /* AppDelegate.swift in Sources */ = {isa = PBXBuildFile; fileRef = AE2EF2651DF5EEC30015F87C /* AppDelegate.swift */; };
		AE2EF2681DF5EEC30015F87C /* ViewController.swift in Sources */ = {isa = PBXBuildFile; fileRef = AE2EF2671DF5EEC30015F87C /* ViewController.swift */; };
		AE2EF26B1DF5EEC30015F87C /* Main.storyboard in Resources */ = {isa = PBXBuildFile; fileRef = AE2EF2691DF5EEC30015F87C /* Main.storyboard */; };
		AE2EF26D1DF5EEC30015F87C /* Assets.xcassets in Resources */ = {isa = PBXBuildFile; fileRef = AE2EF26C1DF5EEC30015F87C /* Assets.xcassets */; };
		AE2EF2701DF5EEC30015F87C /* LaunchScreen.storyboard in Resources */ = {isa = PBXBuildFile; fileRef = AE2EF26E1DF5EEC30015F87C /* LaunchScreen.storyboard */; };
		AE2EF27B1DF5EEC30015F87C /* helloworldTests.swift in Sources */ = {isa = PBXBuildFile; fileRef = AE2EF27A1DF5EEC30015F87C /* helloworldTests.swift */; };
		AE2EF2861DF5EEC30015F87C /* helloworldUITests.swift in Sources */ = {isa = PBXBuildFile; fileRef = AE2EF2851DF5EEC30015F87C /* helloworldUITests.swift */; };
/* End PBXBuildFile section */

/* Begin PBXContainerItemProxy section */
		AE2EF2771DF5EEC30015F87C /* PBXContainerItemProxy */ = {
			isa = PBXContainerItemProxy;
			containerPortal = AE2EF25A1DF5EEC10015F87C /* Project object */;
			proxyType = 1;
			remoteGlobalIDString = AE2EF2611DF5EEC10015F87C;
			remoteInfo = helloworld;
		};
		AE2EF2821DF5EEC30015F87C /* PBXContainerItemProxy */ = {
			isa = PBXContainerItemProxy;
			containerPortal = AE2EF25A1DF5EEC10015F87C /* Project object */;
			proxyType = 1;
			remoteGlobalIDString = AE2EF2611DF5EEC10015F87C;
			remoteInfo = helloworld;
		};
/* End PBXContainerItemProxy section */

/* Begin PBXFileReference section */
		AE2EF2621DF5EEC30015F87C /* helloworld.app */ = {isa = PBXFileReference; explicitFileType = wrapper.application; includeInIndex = 0; path = helloworld.app; sourceTree = BUILT_PRODUCTS_DIR; };
		AE2EF2651DF5EEC30015F87C /* AppDelegate.swift */ = {isa = PBXFileReference; lastKnownFileType = sourcecode.swift; path = AppDelegate.swift; sourceTree = "<group>"; };
		AE2EF2671DF5EEC30015F87C /* ViewController.swift */ = {isa = PBXFileReference; lastKnownFileType = sourcecode.swift; path = ViewController.swift; sourceTree = "<group>"; };
		AE2EF26A1DF5EEC30015F87C /* Base */ = {isa = PBXFileReference; lastKnownFileType = file.storyboard; name = Base; path = Base.lproj/Main.storyboard; sourceTree = "<group>"; };
		AE2EF26C1DF5EEC30015F87C /* Assets.xcassets */ = {isa = PBXFileReference; lastKnownFileType = folder.assetcatalog; path = Assets.xcassets; sourceTree = "<group>"; };
		AE2EF26F1DF5EEC30015F87C /* Base */ = {isa = PBXFileReference; lastKnownFileType = file.storyboard; name = Base; path = Base.lproj/LaunchScreen.storyboard; sourceTree = "<group>"; };
		AE2EF2711DF5EEC30015F87C /* Info.plist */ = {isa = PBXFileReference; lastKnownFileType = text.plist.xml; path = Info.plist; sourceTree = "<group>"; };
		AE2EF2761DF5EEC30015F87C /* helloworldTests.xctest */ = {isa = PBXFileReference; explicitFileType = wrapper.cfbundle; includeInIndex = 0; path = helloworldTests.xctest; sourceTree = BUILT_PRODUCTS_DIR; };
		AE2EF27A1DF5EEC30015F87C /* helloworldTests.swift */ = {isa = PBXFileReference; lastKnownFileType = sourcecode.swift; path = helloworldTests.swift; sourceTree = "<group>"; };
		AE2EF27C1DF5EEC30015F87C /* Info.plist */ = {isa = PBXFileReference; lastKnownFileType = text.plist.xml; path = Info.plist; sourceTree = "<group>"; };
		AE2EF2811DF5EEC30015F87C /* helloworldUITests.xctest */ = {isa = PBXFileReference; explicitFileType = wrapper.cfbundle; includeInIndex = 0; path = helloworldUITests.xctest; sourceTree = BUILT_PRODUCTS_DIR; };
		AE2EF2851DF5EEC30015F87C /* helloworldUITests.swift */ = {isa = PBXFileReference; lastKnownFileType = sourcecode.swift; path = helloworldUITests.swift; sourceTree = "<group>"; };
		AE2EF2871DF5EEC30015F87C /* Info.plist */ = {isa = PBXFileReference; lastKnownFileType = text.plist.xml; path = Info.plist; sourceTree = "<group>"; };
/* End PBXFileReference section */

/* Begin PBXFrameworksBuildPhase section */
		AE2EF25F1DF5EEC10015F87C /* Frameworks */ = {
			isa = PBXFrameworksBuildPhase;
			buildActionMask = 2147483647;
			files = (
			);
			runOnlyForDeploymentPostprocessing = 0;
		};
		AE2EF2731DF5EEC30015F87C /* Frameworks */ = {
			isa = PBXFrameworksBuildPhase;
			buildActionMask = 2147483647;
			files = (
			);
			runOnlyForDeploymentPostprocessing = 0;
		};
		AE2EF27E1DF5EEC30015F87C /* Frameworks */ = {
			isa = PBXFrameworksBuildPhase;
			buildActionMask = 2147483647;
			files = (
			);
			runOnlyForDeploymentPostprocessing = 0;
		};
/* End PBXFrameworksBuildPhase section */

/* Begin PBXGroup section */
		AE2EF2591DF5EEC10015F87C = {
			isa = PBXGroup;
			children = (
				AE2EF2641DF5EEC30015F87C /* helloworld */,
				AE2EF2791DF5EEC30015F87C /* helloworldTests */,
				AE2EF2841DF5EEC30015F87C /* helloworldUITests */,
				AE2EF2631DF5EEC30015F87C /* Products */,
			);
			sourceTree = "<group>";
		};
		AE2EF2631DF5EEC30015F87C /* Products */ = {
			isa = PBXGroup;
			children = (
				AE2EF2621DF5EEC30015F87C /* helloworld.app */,
				AE2EF2761DF5EEC30015F87C /* helloworldTests.xctest */,
				AE2EF2811DF5EEC30015F87C /* helloworldUITests.xctest */,
			);
			name = Products;
			sourceTree = "<group>";
		};
		AE2EF2641DF5EEC30015F87C /* helloworld */ = {
			isa = PBXGroup;
			children = (
				AE2EF2651DF5EEC30015F87C /* AppDelegate.swift */,
				AE2EF2671DF5EEC30015F87C /* ViewController.swift */,
				AE2EF2691DF5EEC30015F87C /* Main.storyboard */,
				AE2EF26C1DF5EEC30015F87C /* Assets.xcassets */,
				AE2EF26E1DF5EEC30015F87C /* LaunchScreen.storyboard */,
				AE2EF2711DF5EEC30015F87C /* Info.plist */,
			);
			path = helloworld;
			sourceTree = "<group>";
		};
		AE2EF2791DF5EEC30015F87C /* helloworldTests */ = {
			isa = PBXGroup;
			children = (
				AE2EF27A1DF5EEC30015F87C /* helloworldTests.swift */,
				AE2EF27C1DF5EEC30015F87C /* Info.plist */,
			);
			path = helloworldTests;
			sourceTree = "<group>";
		};
		AE2EF2841DF5EEC30015F87C /* helloworldUITests */ = {
			isa = PBXGroup;
			children = (
				AE2EF2851DF5EEC30015F87C /* helloworldUITests.swift */,
				AE2EF2871DF5EEC30015F87C /* Info.plist */,
			);
			path = helloworldUITests;
			sourceTree = "<group>";
		};
/* End PBXGroup section */

/* Begin PBXNativeTarget section */
		AE2EF2611DF5EEC10015F87C /* helloworld */ = {
			isa = PBXNativeTarget;
			buildConfigurationList = AE2EF28A1DF5EEC30015F87C /* Build configuration list for PBXNativeTarget "helloworld" */;
			buildPhases = (
				AE2EF25E1DF5EEC10015F87C /* Sources */,
				AE2EF25F1DF5EEC10015F87C /* Frameworks */,
				AE2EF2601DF5EEC10015F87C /* Resources */,
			);
			buildRules = (
			);
			dependencies = (
			);
			name = helloworld;
			productName = helloworld;
			productReference = AE2EF2621DF5EEC30015F87C /* helloworld.app */;
			productType = "com.apple.product-type.application";
		};
		AE2EF2751DF5EEC30015F87C /* helloworldTests */ = {
			isa = PBXNativeTarget;
			buildConfigurationList = AE2EF28D1DF5EEC30015F87C /* Build configuration list for PBXNativeTarget "helloworldTests" */;
			buildPhases = (
				AE2EF2721DF5EEC30015F87C /* Sources */,
				AE2EF2731DF5EEC30015F87C /* Frameworks */,
				AE2EF2741DF5EEC30015F87C /* Resources */,
			);
			buildRules = (
			);
			dependencies = (
				AE2EF2781DF5EEC30015F87C /* PBXTargetDependency */,
			);
			name = helloworldTests;
			productName = helloworldTests;
			productReference = AE2EF2761DF5EEC30015F87C /* helloworldTests.xctest */;
			productType = "com.apple.product-type.bundle.unit-test";
		};
		AE2EF2801DF5EEC30015F87C /* helloworldUITests */ = {
			isa = PBXNativeTarget;
			buildConfigurationList = AE2EF2901DF5EEC30015F87C /* Build configuration list for PBXNativeTarget "helloworldUITests" */;
			buildPhases = (
				AE2EF27D1DF5EEC30015F87C /* Sources */,
				AE2EF27E1DF5EEC30015F87C /* Frameworks */,
				AE2EF27F1DF5EEC30015F87C /* Resources */,
			);
			buildRules = (
			);
			dependencies = (
				AE2EF2831DF5EEC30015F87C /* PBXTargetDependency */,
			);
			name = helloworldUITests;
			productName = helloworldUITests;
			productReference = AE2EF2811DF5EEC30015F87C /* helloworldUITests.xctest */;
			productType = "com.apple.product-type.bundle.ui-testing";
		};
/* End PBXNativeTarget section */

/* Begin PBXProject section */
		AE2EF25A1DF5EEC10015F87C /* Project object */ = {
			isa = PBXProject;
			attributes = {
				LastSwiftUpdateCheck = 0810;
				LastUpgradeCheck = 0810;
				ORGANIZATIONNAME = "Jarrett Quan-Hin";
				TargetAttributes = {
					AE2EF2611DF5EEC10015F87C = {
						CreatedOnToolsVersion = 8.1;
						ProvisioningStyle = Automatic;
					};
					AE2EF2751DF5EEC30015F87C = {
						CreatedOnToolsVersion = 8.1;
						ProvisioningStyle = Automatic;
						TestTargetID = AE2EF2611DF5EEC10015F87C;
					};
					AE2EF2801DF5EEC30015F87C = {
						CreatedOnToolsVersion = 8.1;
						ProvisioningStyle = Automatic;
						TestTargetID = AE2EF2611DF5EEC10015F87C;
					};
				};
			};
			buildConfigurationList = AE2EF25D1DF5EEC10015F87C /* Build configuration list for PBXProject "helloworld" */;
			compatibilityVersion = "Xcode 3.2";
			developmentRegion = English;
			hasScannedForEncodings = 0;
			knownRegions = (
				en,
				Base,
			);
			mainGroup = AE2EF2591DF5EEC10015F87C;
			productRefGroup = AE2EF2631DF5EEC30015F87C /* Products */;
			projectDirPath = "";
			projectRoot = "";
			targets = (
				AE2EF2611DF5EEC10015F87C /* helloworld */,
				AE2EF2751DF5EEC30015F87C /* helloworldTests */,
				AE2EF2801DF5EEC30015F87C /* helloworldUITests */,
			);
		};
/* End PBXProject section */

/* Begin PBXResourcesBuildPhase section */
		AE2EF2601DF5EEC10015F87C /* Resources */ = {
			isa = PBXResourcesBuildPhase;
			buildActionMask = 2147483647;
			files = (
				AE2EF2701DF5EEC30015F87C /* LaunchScreen.storyboard in Resources */,
				AE2EF26D1DF5EEC30015F87C /* Assets.xcassets in Resources */,
				AE2EF26B1DF5EEC30015F87C /* Main.storyboard in Resources */,
			);
			runOnlyForDeploymentPostprocessing = 0;
		};
		AE2EF2741DF5EEC30015F87C /* Resources */ = {
			isa = PBXResourcesBuildPhase;
			buildActionMask = 2147483647;
			files = (
			);
			runOnlyForDeploymentPostprocessing = 0;
		};
		AE2EF27F1DF5EEC30015F87C /* Resources */ = {
			isa = PBXResourcesBuildPhase;
			buildActionMask = 2147483647;
			files = (
			);
			runOnlyForDeploymentPostprocessing = 0;
		};
/* End PBXResourcesBuildPhase section */

/* Begin PBXSourcesBuildPhase section */
		AE2EF25E1DF5EEC10015F87C /* Sources */ = {
			isa = PBXSourcesBuildPhase;
			buildActionMask = 2147483647;
			files = (
				AE2EF2681DF5EEC30015F87C /* ViewController.swift in Sources */,
				AE2EF2661DF5EEC30015F87C /* AppDelegate.swift in Sources */,
			);
			runOnlyForDeploymentPostprocessing = 0;
		};
		AE2EF2721DF5EEC30015F87C /* Sources */ = {
			isa = PBXSourcesBuildPhase;
			buildActionMask = 2147483647;
			files = (
				AE2EF27B1DF5EEC30015F87C /* helloworldTests.swift in Sources */,
			);
			runOnlyForDeploymentPostprocessing = 0;
		};
		AE2EF27D1DF5EEC30015F87C /* Sources */ = {
			isa = PBXSourcesBuildPhase;
			buildActionMask = 2147483647;
			files = (
				AE2EF2861DF5EEC30015F87C /* helloworldUITests.swift in Sources */,
			);
			runOnlyForDeploymentPostprocessing = 0;
		};
/* End PBXSourcesBuildPhase section */

/* Begin PBXTargetDependency section */
		AE2EF2781DF5EEC30015F87C /* PBXTargetDependency */ = {
			isa = PBXTargetDependency;
			target = AE2EF2611DF5EEC10015F87C /* helloworld */;
			targetProxy = AE2EF2771DF5EEC30015F87C /* PBXContainerItemProxy */;
		};
		AE2EF2831DF5EEC30015F87C /* PBXTargetDependency */ = {
			isa = PBXTargetDependency;
			target = AE2EF2611DF5EEC10015F87C /* helloworld */;
			targetProxy = AE2EF2821DF5EEC30015F87C /* PBXContainerItemProxy */;
		};
/* End PBXTargetDependency section */

/* Begin PBXVariantGroup section */
		AE2EF2691DF5EEC30015F87C /* Main.storyboard */ = {
			isa = PBXVariantGroup;
			children = (
				AE2EF26A1DF5EEC30015F87C /* Base */,
			);
			name = Main.storyboard;
			sourceTree = "<group>";
		};
		AE2EF26E1DF5EEC30015F87C /* LaunchScreen.storyboard */ = {
			isa = PBXVariantGroup;
			children = (
				AE2EF26F1DF5EEC30015F87C /* Base */,
			);
			name = LaunchScreen.storyboard;
			sourceTree = "<group>";
		};
/* End PBXVariantGroup section */

/* Begin XCBuildConfiguration section */
		AE2EF2881DF5EEC30015F87C /* Debug */ = {
			isa = XCBuildConfiguration;
			buildSettings = {
				ALWAYS_SEARCH_USER_PATHS = NO;
				CLANG_ANALYZER_NONNULL = YES;
				CLANG_CXX_LANGUAGE_STANDARD = "gnu++0x";
				CLANG_CXX_LIBRARY = "libc++";
				CLANG_ENABLE_MODULES = YES;
				CLANG_ENABLE_OBJC_ARC = YES;
				CLANG_WARN_BOOL_CONVERSION = YES;
				CLANG_WARN_CONSTANT_CONVERSION = YES;
				CLANG_WARN_DIRECT_OBJC_ISA_USAGE = YES_ERROR;
				CLANG_WARN_DOCUMENTATION_COMMENTS = YES;
				CLANG_WARN_EMPTY_BODY = YES;
				CLANG_WARN_ENUM_CONVERSION = YES;
				CLANG_WARN_INFINITE_RECURSION = YES;
				CLANG_WARN_INT_CONVERSION = YES;
				CLANG_WARN_OBJC_ROOT_CLASS = YES_ERROR;
				CLANG_WARN_SUSPICIOUS_MOVES = YES;
				CLANG_WARN_UNREACHABLE_CODE = YES;
				CLANG_WARN__DUPLICATE_METHOD_MATCH = YES;
				"CODE_SIGN_IDENTITY[sdk=iphoneos*]" = "iPhone Developer";
				COPY_PHASE_STRIP = NO;
				DEBUG_INFORMATION_FORMAT = dwarf;
				ENABLE_STRICT_OBJC_MSGSEND = YES;
				ENABLE_TESTABILITY = YES;
				GCC_C_LANGUAGE_STANDARD = gnu99;
				GCC_DYNAMIC_NO_PIC = NO;
				GCC_NO_COMMON_BLOCKS = YES;
				GCC_OPTIMIZATION_LEVEL = 0;
				GCC_PREPROCESSOR_DEFINITIONS = (
					"DEBUG=1",
					"$(inherited)",
				);
				GCC_WARN_64_TO_32_BIT_CONVERSION = YES;
				GCC_WARN_ABOUT_RETURN_TYPE = YES_ERROR;
				GCC_WARN_UNDECLARED_SELECTOR = YES;
				GCC_WARN_UNINITIALIZED_AUTOS = YES_AGGRESSIVE;
				GCC_WARN_UNUSED_FUNCTION = YES;
				GCC_WARN_UNUSED_VARIABLE = YES;
				IPHONEOS_DEPLOYMENT_TARGET = 10.1;
				MTL_ENABLE_DEBUG_INFO = YES;
				ONLY_ACTIVE_ARCH = YES;
				SDKROOT = iphoneos;
				SWIFT_ACTIVE_COMPILATION_CONDITIONS = DEBUG;
				SWIFT_OPTIMIZATION_LEVEL = "-Onone";
			};
			name = Debug;
		};
		AE2EF2891DF5EEC30015F87C /* Release */ = {
			isa = XCBuildConfiguration;
			buildSettings = {
				ALWAYS_SEARCH_USER_PATHS = NO;
				CLANG_ANALYZER_NONNULL = YES;
				CLANG_CXX_LANGUAGE_STANDARD = "gnu++0x";
				CLANG_CXX_LIBRARY = "libc++";
				CLANG_ENABLE_MODULES = YES;
				CLANG_ENABLE_OBJC_ARC = YES;
				CLANG_WARN_BOOL_CONVERSION = YES;
				CLANG_WARN_CONSTANT_CONVERSION = YES;
				CLANG_WARN_DIRECT_OBJC_ISA_USAGE = YES_ERROR;
				CLANG_WARN_DOCUMENTATION_COMMENTS = YES;
				CLANG_WARN_EMPTY_BODY = YES;
				CLANG_WARN_ENUM_CONVERSION = YES;
				CLANG_WARN_INFINITE_RECURSION = YES;
				CLANG_WARN_INT_CONVERSION = YES;
				CLANG_WARN_OBJC_ROOT_CLASS = YES_ERROR;
				CLANG_WARN_SUSPICIOUS_MOVES = YES;
				CLANG_WARN_UNREACHABLE_CODE = YES;
				CLANG_WARN__DUPLICATE_METHOD_MATCH = YES;
				"CODE_SIGN_IDENTITY[sdk=iphoneos*]" = "iPhone Developer";
				COPY_PHASE_STRIP = NO;
				DEBUG_INFORMATION_FORMAT = "dwarf-with-dsym";
				ENABLE_NS_ASSERTIONS = NO;
				ENABLE_STRICT_OBJC_MSGSEND = YES;
				GCC_C_LANGUAGE_STANDARD = gnu99;
				GCC_NO_COMMON_BLOCKS = YES;
				GCC_WARN_64_TO_32_BIT_CONVERSION = YES;
				GCC_WARN_ABOUT_RETURN_TYPE = YES_ERROR;
				GCC_WARN_UNDECLARED_SELECTOR = YES;
				GCC_WARN_UNINITIALIZED_AUTOS = YES_AGGRESSIVE;
				GCC_WARN_UNUSED_FUNCTION = YES;
				GCC_WARN_UNUSED_VARIABLE = YES;
				IPHONEOS_DEPLOYMENT_TARGET = 10.1;
				MTL_ENABLE_DEBUG_INFO = NO;
				SDKROOT = iphoneos;
				SWIFT_OPTIMIZATION_LEVEL = "-Owholemodule";
				VALIDATE_PRODUCT = YES;
			};
			name = Release;
		};
		AE2EF28B1DF5EEC30015F87C /* Debug */ = {
			isa = XCBuildConfiguration;
			buildSettings = {
				ASSETCATALOG_COMPILER_APPICON_NAME = AppIcon;
				INFOPLIST_FILE = helloworld/Info.plist;
				LD_RUNPATH_SEARCH_PATHS = "$(inherited) @executable_path/Frameworks";
				PRODUCT_BUNDLE_IDENTIFIER = HerpDerpCorp.helloworld;
				PRODUCT_NAME = "$(TARGET_NAME)";
				SWIFT_VERSION = 3.0;
			};
			name = Debug;
		};
		AE2EF28C1DF5EEC30015F87C /* Release */ = {
			isa = XCBuildConfiguration;
			buildSettings = {
				ASSETCATALOG_COMPILER_APPICON_NAME = AppIcon;
				INFOPLIST_FILE = helloworld/Info.plist;
				LD_RUNPATH_SEARCH_PATHS = "$(inherited) @executable_path/Frameworks";
				PRODUCT_BUNDLE_IDENTIFIER = HerpDerpCorp.helloworld;
				PRODUCT_NAME = "$(TARGET_NAME)";
				SWIFT_VERSION = 3.0;
			};
			name = Release;
		};
		AE2EF28E1DF5EEC30015F87C /* Debug */ = {
			isa = XCBuildConfiguration;
			buildSettings = {
				ALWAYS_EMBED_SWIFT_STANDARD_LIBRARIES = YES;
				BUNDLE_LOADER = "$(TEST_HOST)";
				INFOPLIST_FILE = helloworldTests/Info.plist;
				LD_RUNPATH_SEARCH_PATHS = "$(inherited) @executable_path/Frameworks @loader_path/Frameworks";
				PRODUCT_BUNDLE_IDENTIFIER = HerpDerpCorp.helloworldTests;
				PRODUCT_NAME = "$(TARGET_NAME)";
				SWIFT_VERSION = 3.0;
				TEST_HOST = "$(BUILT_PRODUCTS_DIR)/helloworld.app/helloworld";
			};
			name = Debug;
		};
		AE2EF28F1DF5EEC30015F87C /* Release */ = {
			isa = XCBuildConfiguration;
			buildSettings = {
				ALWAYS_EMBED_SWIFT_STANDARD_LIBRARIES = YES;
				BUNDLE_LOADER = "$(TEST_HOST)";
				INFOPLIST_FILE = helloworldTests/Info.plist;
				LD_RUNPATH_SEARCH_PATHS = "$(inherited) @executable_path/Frameworks @loader_path/Frameworks";
				PRODUCT_BUNDLE_IDENTIFIER = HerpDerpCorp.helloworldTests;
				PRODUCT_NAME = "$(TARGET_NAME)";
				SWIFT_VERSION = 3.0;
				TEST_HOST = "$(BUILT_PRODUCTS_DIR)/helloworld.app/helloworld";
			};
			name = Release;
		};
		AE2EF2911DF5EEC30015F87C /* Debug */ = {
			isa = XCBuildConfiguration;
			buildSettings = {
				ALWAYS_EMBED_SWIFT_STANDARD_LIBRARIES = YES;
				INFOPLIST_FILE = helloworldUITests/Info.plist;
				LD_RUNPATH_SEARCH_PATHS = "$(inherited) @executable_path/Frameworks @loader_path/Frameworks";
				PRODUCT_BUNDLE_IDENTIFIER = HerpDerpCorp.helloworldUITests;
				PRODUCT_NAME = "$(TARGET_NAME)";
				SWIFT_VERSION = 3.0;
				TEST_TARGET_NAME = helloworld;
			};
			name = Debug;
		};
		AE2EF2921DF5EEC30015F87C /* Release */ = {
			isa = XCBuildConfiguration;
			buildSettings = {
				ALWAYS_EMBED_SWIFT_STANDARD_LIBRARIES = YES;
				INFOPLIST_FILE = helloworldUITests/Info.plist;
				LD_RUNPATH_SEARCH_PATHS = "$(inherited) @executable_path/Frameworks @loader_path/Frameworks";
				PRODUCT_BUNDLE_IDENTIFIER = HerpDerpCorp.helloworldUITests;
				PRODUCT_NAME = "$(TARGET_NAME)";
				SWIFT_VERSION = 3.0;
				TEST_TARGET_NAME = helloworld;
			};
			name = Release;
		};
/* End XCBuildConfiguration section */

/* Begin XCConfigurationList section */
		AE2EF25D1DF5EEC10015F87C /* Build configuration list for PBXProject "helloworld" */ = {
			isa = XCConfigurationList;
			buildConfigurations = (
				AE2EF2881DF5EEC30015F87C /* Debug */,
				AE2EF2891DF5EEC30015F87C /* Release */,
			);
			defaultConfigurationIsVisible = 0;
			defaultConfigurationName = Release;
		};
		AE2EF28A1DF5EEC30015F87C /* Build configuration list for PBXNativeTarget "helloworld" */ = {
			isa = XCConfigurationList;
			buildConfigurations = (
				AE2EF28B1DF5EEC30015F87C /* Debug */,
				AE2EF28C1DF5EEC30015F87C /* Release */,
			);
			defaultConfigurationIsVisible = 0;
		};
		AE2EF28D1DF5EEC30015F87C /* Build configuration list for PBXNativeTarget "helloworldTests" */ = {
			isa = XCConfigurationList;
			buildConfigurations = (
				AE2EF28E1DF5EEC30015F87C /* Debug */,
				AE2EF28F1DF5EEC30015F87C /* Release */,
			);
			defaultConfigurationIsVisible = 0;
		};
		AE2EF2901DF5EEC30015F87C /* Build configuration list for PBXNativeTarget "helloworldUITests" */ = {
			isa = XCConfigurationList;
			buildConfigurations = (
				AE2EF2911DF5EEC30015F87C /* Debug */,
				AE2EF2921DF5EEC30015F87C /* Release */,
			);
			defaultConfigurationIsVisible = 0;
		};
/* End XCConfigurationList section */
	};
	rootObject = AE2EF25A1DF5EEC10015F87C /* Project object */;
}
